
Microsoft Visual Studio Solution File, Format Version 12.00
# Visual Studio Version 16
VisualStudioVersion = 16.0.30621.155
MinimumVisualStudioVersion = 10.0.40219.1
Project("{FAE04EC0-301F-11D3-BF4B-00C04F79EFBC}") = "Projet_Cavalier", "Projet_Cavalier.csproj", "{1F427E51-19E4-468A-8CE1-A952E7042A56}"
EndProject
Global
	GlobalSection(SolutionConfigurationPlatforms) = preSolution
		Debug|Any CPU = Debug|Any CPU
		Release|Any CPU = Release|Any CPU
	EndGlobalSection
	GlobalSection(ProjectConfigurationPlatforms) = postSolution
		{1F427E51-19E4-468A-8CE1-A952E7042A56}.Debug|Any CPU.ActiveCfg = Debug|Any CPU
		{1F427E51-19E4-468A-8CE1-A952E7042A56}.Debug|Any CPU.Build.0 = Debug|Any CPU
		{1F427E51-19E4-468A-8CE1-A952E7042A56}.Release|Any CPU.ActiveCfg = Release|Any CPU
		{1F427E51-19E4-468A-8CE1-A952E7042A56}.Release|Any CPU.Build.0 = Release|Any CPU
	EndGlobalSection
	GlobalSection(SolutionProperties) = preSolution
		HideSolutionNode = FALSE
	EndGlobalSection
	GlobalSection(ExtensibilityGlobals) = postSolution
		SolutionGuid = {812E8AA2-CE11-44FD-918A-2FF2F6144F4E}
	EndGlobalSection
EndGlobal
